{
  "nodes": {
    "nixpkgs": {
      "locked": {
        "lastModified": 1771008912,
        "narHash": "sha256-gf2AmWVTs8lEq7z/3ZAsgnZDhWIckkb+ZnAo5RzSxJg=",
        "owner": "NixOS",
        "repo": "nixpkgs",
        "rev": "a82ccc39b39b621151d6732718e3e250109076fa",
        "type": "github"
      },
      "original": {
        "owner": "NixOS",
        "ref": "nixos-unstable",
        "repo": "nixpkgs",
        "type": "github"
      }
    },
    "nixpkgs-container": {
      "locked": {
        "lastModified": 1771714954,
        "narHash": "sha256-nhZJPnBavtu40/L2aqpljrfUNb2rxmWTmSjK2c9UKds=",
        "owner": "NixOS",
        "repo": "nixpkgs",
        "rev": "afbbf774e2087c3d734266c22f96fca2e78d3620",
        "type": "github"
      },
      "original": {
        "owner": "NixOS",
        "ref": "nixos-25.11",
        "repo": "nixpkgs",
        "type": "github"
      }
    },
    "root": {
      "inputs": {
        "nixpkgs": "nixpkgs",
        "nixpkgs-container": "nixpkgs-container"
      }
    }
  },
  "root": "root",
  "version": 7
}
